
Microsoft Visual Studio Solution File, Format Version 12.00
# Visual Studio Version 17
VisualStudioVersion = 17.8.34525.116
MinimumVisualStudioVersion = 10.0.40219.1
Project("{9A19103F-16F7-4668-BE54-9A1E7A4F7556}") = "RegistroBlog", "RegistroBlog.csproj", "{9DB8AA64-25EC-433D-B231-59EA3474894F}"
EndProject
Global
	GlobalSection(SolutionConfigurationPlatforms) = preSolution
		Debug|Any CPU = Debug|Any CPU
		Release|Any CPU = Release|Any CPU
	EndGlobalSection
	GlobalSection(ProjectConfigurationPlatforms) = postSolution
		{9DB8AA64-25EC-433D-B231-59EA3474894F}.Debug|Any CPU.ActiveCfg = Debug|Any CPU
		{9DB8AA64-25EC-433D-B231-59EA3474894F}.Debug|Any CPU.Build.0 = Debug|Any CPU
		{9DB8AA64-25EC-433D-B231-59EA3474894F}.Release|Any CPU.ActiveCfg = Release|Any CPU
		{9DB8AA64-25EC-433D-B231-59EA3474894F}.Release|Any CPU.Build.0 = Release|Any CPU
	EndGlobalSection
	GlobalSection(SolutionProperties) = preSolution
		HideSolutionNode = FALSE
	EndGlobalSection
	GlobalSection(ExtensibilityGlobals) = postSolution
		SolutionGuid = {0102A539-9AD3-4B80-9967-502E3EA027E0}
	EndGlobalSection
EndGlobal
